
Microsoft Visual Studio Solution File, Format Version 12.00
# Visual Studio Version 17
VisualStudioVersion = 17.13.35806.99 d17.13
MinimumVisualStudioVersion = 10.0.40219.1
Project("{FAE04EC0-301F-11D3-BF4B-00C04F79EFBC}") = "MaxiMizer", "MaxiMizer.csproj", "{2AA33C88-A8A2-4AB1-939D-558EF28CBB87}"
EndProject
Global
	GlobalSection(SolutionConfigurationPlatforms) = preSolution
		Debug|Any CPU = Debug|Any CPU
		Release|Any CPU = Release|Any CPU
	EndGlobalSection
	GlobalSection(ProjectConfigurationPlatforms) = postSolution
		{2AA33C88-A8A2-4AB1-939D-558EF28CBB87}.Debug|Any CPU.ActiveCfg = Debug|Any CPU
		{2AA33C88-A8A2-4AB1-939D-558EF28CBB87}.Debug|Any CPU.Build.0 = Debug|Any CPU
		{2AA33C88-A8A2-4AB1-939D-558EF28CBB87}.Release|Any CPU.ActiveCfg = Release|Any CPU
		{2AA33C88-A8A2-4AB1-939D-558EF28CBB87}.Release|Any CPU.Build.0 = Release|Any CPU
	EndGlobalSection
	GlobalSection(SolutionProperties) = preSolution
		HideSolutionNode = FALSE
	EndGlobalSection
	GlobalSection(ExtensibilityGlobals) = postSolution
		SolutionGuid = {3DF4413F-D556-4FA0-A2FE-1312AE9A255A}
	EndGlobalSection
EndGlobal
